
Microsoft Visual Studio Solution File, Format Version 12.00
# Visual Studio Version 16
VisualStudioVersion = 16.0.29230.47
MinimumVisualStudioVersion = 10.0.40219.1
Project("{FAE04EC0-301F-11D3-BF4B-00C04F79EFBC}") = "FileSystem", "FileSystem\FileSystem.csproj", "{CD7B6CA7-FB85-4852-A06A-A4D1E053412B}"
EndProject
Global
	GlobalSection(SolutionConfigurationPlatforms) = preSolution
		Debug|Any CPU = Debug|Any CPU
		Release|Any CPU = Release|Any CPU
	EndGlobalSection
	GlobalSection(ProjectConfigurationPlatforms) = postSolution
		{CD7B6CA7-FB85-4852-A06A-A4D1E053412B}.Debug|Any CPU.ActiveCfg = Debug|Any CPU
		{CD7B6CA7-FB85-4852-A06A-A4D1E053412B}.Debug|Any CPU.Build.0 = Debug|Any CPU
		{CD7B6CA7-FB85-4852-A06A-A4D1E053412B}.Release|Any CPU.ActiveCfg = Release|Any CPU
		{CD7B6CA7-FB85-4852-A06A-A4D1E053412B}.Release|Any CPU.Build.0 = Release|Any CPU
	EndGlobalSection
	GlobalSection(SolutionProperties) = preSolution
		HideSolutionNode = FALSE
	EndGlobalSection
	GlobalSection(ExtensibilityGlobals) = postSolution
		SolutionGuid = {7B1BD269-7C2B-4DD2-95E4-5663AF5496FE}
	EndGlobalSection
EndGlobal
